
Microsoft Visual Studio Solution File, Format Version 12.00
# Visual Studio Version 17
VisualStudioVersion = 17.10.35013.160
MinimumVisualStudioVersion = 10.0.40219.1
Project("{9A19103F-16F7-4668-BE54-9A1E7A4F7556}") = "ConsoleAppAlpHoca", "ConsoleAppAlpHoca\ConsoleAppAlpHoca.csproj", "{7DF14AF1-28AC-4E51-AEAC-6E54ACAF6EE8}"
EndProject
Project("{9A19103F-16F7-4668-BE54-9A1E7A4F7556}") = "ConsoleAppOdevler", "ConsoleAppOdevler\ConsoleAppOdevler.csproj", "{D555CFCA-5161-4D60-B9EE-938F7EEF9B62}"
EndProject
Project("{9A19103F-16F7-4668-BE54-9A1E7A4F7556}") = "ConsoleAppAritmetikOpe", "ConsoleAppAritmetikOpe\ConsoleAppAritmetikOpe.csproj", "{919E8C88-A3C4-41AE-9437-A9BCF3FFF92F}"
EndProject
Project("{9A19103F-16F7-4668-BE54-9A1E7A4F7556}") = "ConsoleAppSwitchCase", "ConsoleAppSwitchCase\ConsoleAppSwitchCase.csproj", "{5FFF5117-A7F5-4BA8-A0C0-600AA21D9EEE}"
EndProject
Project("{FAE04EC0-301F-11D3-BF4B-00C04F79EFBC}") = "ConsoleAppKosulUyg", "ConsoleAppKosulUyg\ConsoleAppKosulUyg.csproj", "{F78D706D-AC71-4321-AA1E-2F2F465F30BE}"
EndProject
Global
	GlobalSection(SolutionConfigurationPlatforms) = preSolution
		Debug|Any CPU = Debug|Any CPU
		Release|Any CPU = Release|Any CPU
	EndGlobalSection
	GlobalSection(ProjectConfigurationPlatforms) = postSolution
		{7DF14AF1-28AC-4E51-AEAC-6E54ACAF6EE8}.Debug|Any CPU.ActiveCfg = Debug|Any CPU
		{7DF14AF1-28AC-4E51-AEAC-6E54ACAF6EE8}.Debug|Any CPU.Build.0 = Debug|Any CPU
		{7DF14AF1-28AC-4E51-AEAC-6E54ACAF6EE8}.Release|Any CPU.ActiveCfg = Release|Any CPU
		{7DF14AF1-28AC-4E51-AEAC-6E54ACAF6EE8}.Release|Any CPU.Build.0 = Release|Any CPU
		{D555CFCA-5161-4D60-B9EE-938F7EEF9B62}.Debug|Any CPU.ActiveCfg = Debug|Any CPU
		{D555CFCA-5161-4D60-B9EE-938F7EEF9B62}.Debug|Any CPU.Build.0 = Debug|Any CPU
		{D555CFCA-5161-4D60-B9EE-938F7EEF9B62}.Release|Any CPU.ActiveCfg = Release|Any CPU
		{D555CFCA-5161-4D60-B9EE-938F7EEF9B62}.Release|Any CPU.Build.0 = Release|Any CPU
		{919E8C88-A3C4-41AE-9437-A9BCF3FFF92F}.Debug|Any CPU.ActiveCfg = Debug|Any CPU
		{919E8C88-A3C4-41AE-9437-A9BCF3FFF92F}.Debug|Any CPU.Build.0 = Debug|Any CPU
		{919E8C88-A3C4-41AE-9437-A9BCF3FFF92F}.Release|Any CPU.ActiveCfg = Release|Any CPU
		{919E8C88-A3C4-41AE-9437-A9BCF3FFF92F}.Release|Any CPU.Build.0 = Release|Any CPU
		{5FFF5117-A7F5-4BA8-A0C0-600AA21D9EEE}.Debug|Any CPU.ActiveCfg = Debug|Any CPU
		{5FFF5117-A7F5-4BA8-A0C0-600AA21D9EEE}.Debug|Any CPU.Build.0 = Debug|Any CPU
		{5FFF5117-A7F5-4BA8-A0C0-600AA21D9EEE}.Release|Any CPU.ActiveCfg = Release|Any CPU
		{5FFF5117-A7F5-4BA8-A0C0-600AA21D9EEE}.Release|Any CPU.Build.0 = Release|Any CPU
		{F78D706D-AC71-4321-AA1E-2F2F465F30BE}.Debug|Any CPU.ActiveCfg = Debug|Any CPU
		{F78D706D-AC71-4321-AA1E-2F2F465F30BE}.Debug|Any CPU.Build.0 = Debug|Any CPU
		{F78D706D-AC71-4321-AA1E-2F2F465F30BE}.Release|Any CPU.ActiveCfg = Release|Any CPU
		{F78D706D-AC71-4321-AA1E-2F2F465F30BE}.Release|Any CPU.Build.0 = Release|Any CPU
	EndGlobalSection
	GlobalSection(SolutionProperties) = preSolution
		HideSolutionNode = FALSE
	EndGlobalSection
	GlobalSection(ExtensibilityGlobals) = postSolution
		SolutionGuid = {4FB088FE-3257-47AE-9484-19583A49162E}
	EndGlobalSection
EndGlobal
